
Microsoft Visual Studio Solution File, Format Version 12.00
# Visual Studio Version 17
VisualStudioVersion = 17.3.32929.385
MinimumVisualStudioVersion = 10.0.40219.1
Project("{FAE04EC0-301F-11D3-BF4B-00C04F79EFBC}") = "BlazorMatchGame", "BlazorMatchGame\BlazorMatchGame.csproj", "{9362FEFF-D758-476F-A8FA-681E15F223D7}"
EndProject
Global
	GlobalSection(SolutionConfigurationPlatforms) = preSolution
		Debug|Any CPU = Debug|Any CPU
		Release|Any CPU = Release|Any CPU
	EndGlobalSection
	GlobalSection(ProjectConfigurationPlatforms) = postSolution
		{9362FEFF-D758-476F-A8FA-681E15F223D7}.Debug|Any CPU.ActiveCfg = Debug|Any CPU
		{9362FEFF-D758-476F-A8FA-681E15F223D7}.Debug|Any CPU.Build.0 = Debug|Any CPU
		{9362FEFF-D758-476F-A8FA-681E15F223D7}.Release|Any CPU.ActiveCfg = Release|Any CPU
		{9362FEFF-D758-476F-A8FA-681E15F223D7}.Release|Any CPU.Build.0 = Release|Any CPU
	EndGlobalSection
	GlobalSection(SolutionProperties) = preSolution
		HideSolutionNode = FALSE
	EndGlobalSection
	GlobalSection(ExtensibilityGlobals) = postSolution
		SolutionGuid = {6E39B156-47B3-4018-B893-71E19E8DA5C1}
	EndGlobalSection
EndGlobal
